// !$*UTF8*$!
{
	archiveVersion = 1;
	classes = {
	};
	objectVersion = 46;
	objects = {

/* Begin PBXBuildFile section */
		FB322E111DDD78C500B8885D /* AppDelegate.swift in Sources */ = {isa = PBXBuildFile; fileRef = FB322E101DDD78C500B8885D /* AppDelegate.swift */; };
		FB322E131DDD78C500B8885D /* LoginViewController.swift in Sources */ = {isa = PBXBuildFile; fileRef = FB322E121DDD78C500B8885D /* LoginViewController.swift */; };
		FB322E161DDD78C500B8885D /* Main.storyboard in Resources */ = {isa = PBXBuildFile; fileRef = FB322E141DDD78C500B8885D /* Main.storyboard */; };
		FB322E181DDD78C500B8885D /* Assets.xcassets in Resources */ = {isa = PBXBuildFile; fileRef = FB322E171DDD78C500B8885D /* Assets.xcassets */; };
		FB322E1B1DDD78C500B8885D /* LaunchScreen.storyboard in Resources */ = {isa = PBXBuildFile; fileRef = FB322E191DDD78C500B8885D /* LaunchScreen.storyboard */; };
		FB322E261DDD78C500B8885D /* OnTheMapTests.swift in Sources */ = {isa = PBXBuildFile; fileRef = FB322E251DDD78C500B8885D /* OnTheMapTests.swift */; };
		FB322E311DDD78C500B8885D /* OnTheMapUITests.swift in Sources */ = {isa = PBXBuildFile; fileRef = FB322E301DDD78C500B8885D /* OnTheMapUITests.swift */; };
		FB322E451DDD7B6F00B8885D /* MapViewController.swift in Sources */ = {isa = PBXBuildFile; fileRef = FB322E441DDD7B6F00B8885D /* MapViewController.swift */; };
		FB322E471DDD7B7A00B8885D /* TableViewController.swift in Sources */ = {isa = PBXBuildFile; fileRef = FB322E461DDD7B7A00B8885D /* TableViewController.swift */; };
		FB322E491DDD7B9600B8885D /* StudentInfo.swift in Sources */ = {isa = PBXBuildFile; fileRef = FB322E481DDD7B9600B8885D /* StudentInfo.swift */; };
		FB322E4C1DDD7BA900B8885D /* UserInfo.swift in Sources */ = {isa = PBXBuildFile; fileRef = FB322E4B1DDD7BA900B8885D /* UserInfo.swift */; };
		FB322E4E1DDD7BCE00B8885D /* StudentModel.swift in Sources */ = {isa = PBXBuildFile; fileRef = FB322E4D1DDD7BCE00B8885D /* StudentModel.swift */; };
		FB322E501DDD7C0100B8885D /* GCDBlackBox.swift in Sources */ = {isa = PBXBuildFile; fileRef = FB322E4F1DDD7C0100B8885D /* GCDBlackBox.swift */; };
		FB322E521DDD7C2200B8885D /* OnTheMapHelper.swift in Sources */ = {isa = PBXBuildFile; fileRef = FB322E511DDD7C2200B8885D /* OnTheMapHelper.swift */; };
		FB322E541DDD7C3700B8885D /* UdacityClientConvenience.swift in Sources */ = {isa = PBXBuildFile; fileRef = FB322E531DDD7C3700B8885D /* UdacityClientConvenience.swift */; };
		FB322E561DDD7C4B00B8885D /* ParsingClient.swift in Sources */ = {isa = PBXBuildFile; fileRef = FB322E551DDD7C4B00B8885D /* ParsingClient.swift */; };
		FB322E581DDD7CFE00B8885D /* StudentStatusUpdate.swift in Sources */ = {isa = PBXBuildFile; fileRef = FB322E571DDD7CFE00B8885D /* StudentStatusUpdate.swift */; };
/* End PBXBuildFile section */

/* Begin PBXContainerItemProxy section */
		FB322E221DDD78C500B8885D /* PBXContainerItemProxy */ = {
			isa = PBXContainerItemProxy;
			containerPortal = FB322E051DDD78C500B8885D /* Project object */;
			proxyType = 1;
			remoteGlobalIDString = FB322E0C1DDD78C500B8885D;
			remoteInfo = OnTheMap;
		};
		FB322E2D1DDD78C500B8885D /* PBXContainerItemProxy */ = {
			isa = PBXContainerItemProxy;
			containerPortal = FB322E051DDD78C500B8885D /* Project object */;
			proxyType = 1;
			remoteGlobalIDString = FB322E0C1DDD78C500B8885D;
			remoteInfo = OnTheMap;
		};
/* End PBXContainerItemProxy section */

/* Begin PBXFileReference section */
		FB322E0D1DDD78C500B8885D /* OnTheMap.app */ = {isa = PBXFileReference; explicitFileType = wrapper.application; includeInIndex = 0; path = OnTheMap.app; sourceTree = BUILT_PRODUCTS_DIR; };
		FB322E101DDD78C500B8885D /* AppDelegate.swift */ = {isa = PBXFileReference; lastKnownFileType = sourcecode.swift; path = AppDelegate.swift; sourceTree = "<group>"; };
		FB322E121DDD78C500B8885D /* LoginViewController.swift */ = {isa = PBXFileReference; lastKnownFileType = sourcecode.swift; path = LoginViewController.swift; sourceTree = "<group>"; };
		FB322E151DDD78C500B8885D /* Base */ = {isa = PBXFileReference; lastKnownFileType = file.storyboard; name = Base; path = Base.lproj/Main.storyboard; sourceTree = "<group>"; };
		FB322E171DDD78C500B8885D /* Assets.xcassets */ = {isa = PBXFileReference; lastKnownFileType = folder.assetcatalog; path = Assets.xcassets; sourceTree = "<group>"; };
		FB322E1A1DDD78C500B8885D /* Base */ = {isa = PBXFileReference; lastKnownFileType = file.storyboard; name = Base; path = Base.lproj/LaunchScreen.storyboard; sourceTree = "<group>"; };
		FB322E1C1DDD78C500B8885D /* Info.plist */ = {isa = PBXFileReference; lastKnownFileType = text.plist.xml; path = Info.plist; sourceTree = "<group>"; };
		FB322E211DDD78C500B8885D /* OnTheMapTests.xctest */ = {isa = PBXFileReference; explicitFileType = wrapper.cfbundle; includeInIndex = 0; path = OnTheMapTests.xctest; sourceTree = BUILT_PRODUCTS_DIR; };
		FB322E251DDD78C500B8885D /* OnTheMapTests.swift */ = {isa = PBXFileReference; lastKnownFileType = sourcecode.swift; path = OnTheMapTests.swift; sourceTree = "<group>"; };
		FB322E271DDD78C500B8885D /* Info.plist */ = {isa = PBXFileReference; lastKnownFileType = text.plist.xml; path = Info.plist; sourceTree = "<group>"; };
		FB322E2C1DDD78C500B8885D /* OnTheMapUITests.xctest */ = {isa = PBXFileReference; explicitFileType = wrapper.cfbundle; includeInIndex = 0; path = OnTheMapUITests.xctest; sourceTree = BUILT_PRODUCTS_DIR; };
		FB322E301DDD78C500B8885D /* OnTheMapUITests.swift */ = {isa = PBXFileReference; lastKnownFileType = sourcecode.swift; path = OnTheMapUITests.swift; sourceTree = "<group>"; };
		FB322E321DDD78C500B8885D /* Info.plist */ = {isa = PBXFileReference; lastKnownFileType = text.plist.xml; path = Info.plist; sourceTree = "<group>"; };
		FB322E441DDD7B6F00B8885D /* MapViewController.swift */ = {isa = PBXFileReference; fileEncoding = 4; lastKnownFileType = sourcecode.swift; path = MapViewController.swift; sourceTree = "<group>"; };
		FB322E461DDD7B7A00B8885D /* TableViewController.swift */ = {isa = PBXFileReference; fileEncoding = 4; lastKnownFileType = sourcecode.swift; path = TableViewController.swift; sourceTree = "<group>"; };
		FB322E481DDD7B9600B8885D /* StudentInfo.swift */ = {isa = PBXFileReference; fileEncoding = 4; lastKnownFileType = sourcecode.swift; path = StudentInfo.swift; sourceTree = "<group>"; };
		FB322E4B1DDD7BA900B8885D /* UserInfo.swift */ = {isa = PBXFileReference; fileEncoding = 4; lastKnownFileType = sourcecode.swift; path = UserInfo.swift; sourceTree = "<group>"; };
		FB322E4D1DDD7BCE00B8885D /* StudentModel.swift */ = {isa = PBXFileReference; fileEncoding = 4; lastKnownFileType = sourcecode.swift; path = StudentModel.swift; sourceTree = "<group>"; };
		FB322E4F1DDD7C0100B8885D /* GCDBlackBox.swift */ = {isa = PBXFileReference; fileEncoding = 4; lastKnownFileType = sourcecode.swift; path = GCDBlackBox.swift; sourceTree = "<group>"; };
		FB322E511DDD7C2200B8885D /* OnTheMapHelper.swift */ = {isa = PBXFileReference; fileEncoding = 4; lastKnownFileType = sourcecode.swift; path = OnTheMapHelper.swift; sourceTree = "<group>"; };
		FB322E531DDD7C3700B8885D /* UdacityClientConvenience.swift */ = {isa = PBXFileReference; fileEncoding = 4; lastKnownFileType = sourcecode.swift; path = UdacityClientConvenience.swift; sourceTree = "<group>"; };
		FB322E551DDD7C4B00B8885D /* ParsingClient.swift */ = {isa = PBXFileReference; fileEncoding = 4; lastKnownFileType = sourcecode.swift; path = ParsingClient.swift; sourceTree = "<group>"; };
		FB322E571DDD7CFE00B8885D /* StudentStatusUpdate.swift */ = {isa = PBXFileReference; fileEncoding = 4; lastKnownFileType = sourcecode.swift; path = StudentStatusUpdate.swift; sourceTree = "<group>"; };
/* End PBXFileReference section */

/* Begin PBXFrameworksBuildPhase section */
		FB322E0A1DDD78C500B8885D /* Frameworks */ = {
			isa = PBXFrameworksBuildPhase;
			buildActionMask = 2147483647;
			files = (
			);
			runOnlyForDeploymentPostprocessing = 0;
		};
		FB322E1E1DDD78C500B8885D /* Frameworks */ = {
			isa = PBXFrameworksBuildPhase;
			buildActionMask = 2147483647;
			files = (
			);
			runOnlyForDeploymentPostprocessing = 0;
		};
		FB322E291DDD78C500B8885D /* Frameworks */ = {
			isa = PBXFrameworksBuildPhase;
			buildActionMask = 2147483647;
			files = (
			);
			runOnlyForDeploymentPostprocessing = 0;
		};
/* End PBXFrameworksBuildPhase section */

/* Begin PBXGroup section */
		FB322E041DDD78C500B8885D = {
			isa = PBXGroup;
			children = (
				FB322E0F1DDD78C500B8885D /* OnTheMap */,
				FB322E241DDD78C500B8885D /* OnTheMapTests */,
				FB322E2F1DDD78C500B8885D /* OnTheMapUITests */,
				FB322E0E1DDD78C500B8885D /* Products */,
			);
			sourceTree = "<group>";
		};
		FB322E0E1DDD78C500B8885D /* Products */ = {
			isa = PBXGroup;
			children = (
				FB322E0D1DDD78C500B8885D /* OnTheMap.app */,
				FB322E211DDD78C500B8885D /* OnTheMapTests.xctest */,
				FB322E2C1DDD78C500B8885D /* OnTheMapUITests.xctest */,
			);
			name = Products;
			sourceTree = "<group>";
		};
		FB322E0F1DDD78C500B8885D /* OnTheMap */ = {
			isa = PBXGroup;
			children = (
				FB322E101DDD78C500B8885D /* AppDelegate.swift */,
				FB322E4F1DDD7C0100B8885D /* GCDBlackBox.swift */,
				FB322E421DDD78FC00B8885D /* Extras */,
				FB322E411DDD78F500B8885D /* Helper */,
				FB322E401DDD78EF00B8885D /* View */,
				FB322E3F1DDD78E300B8885D /* Model */,
				FB322E431DDD790600B8885D /* GUI */,
			);
			path = OnTheMap;
			sourceTree = "<group>";
		};
		FB322E241DDD78C500B8885D /* OnTheMapTests */ = {
			isa = PBXGroup;
			children = (
				FB322E251DDD78C500B8885D /* OnTheMapTests.swift */,
				FB322E271DDD78C500B8885D /* Info.plist */,
			);
			path = OnTheMapTests;
			sourceTree = "<group>";
		};
		FB322E2F1DDD78C500B8885D /* OnTheMapUITests */ = {
			isa = PBXGroup;
			children = (
				FB322E301DDD78C500B8885D /* OnTheMapUITests.swift */,
				FB322E321DDD78C500B8885D /* Info.plist */,
			);
			path = OnTheMapUITests;
			sourceTree = "<group>";
		};
		FB322E3E1DDD78D500B8885D /* Convenience */ = {
			isa = PBXGroup;
			children = (
				FB322E531DDD7C3700B8885D /* UdacityClientConvenience.swift */,
				FB322E551DDD7C4B00B8885D /* ParsingClient.swift */,
			);
			name = Convenience;
			sourceTree = "<group>";
		};
		FB322E3F1DDD78E300B8885D /* Model */ = {
			isa = PBXGroup;
			children = (
				FB322E3E1DDD78D500B8885D /* Convenience */,
				FB322E4D1DDD7BCE00B8885D /* StudentModel.swift */,
			);
			name = Model;
			sourceTree = "<group>";
		};
		FB322E401DDD78EF00B8885D /* View */ = {
			isa = PBXGroup;
			children = (
				FB322E121DDD78C500B8885D /* LoginViewController.swift */,
				FB322E441DDD7B6F00B8885D /* MapViewController.swift */,
				FB322E461DDD7B7A00B8885D /* TableViewController.swift */,
				FB322E571DDD7CFE00B8885D /* StudentStatusUpdate.swift */,
			);
			name = View;
			sourceTree = "<group>";
		};
		FB322E411DDD78F500B8885D /* Helper */ = {
			isa = PBXGroup;
			children = (
				FB322E511DDD7C2200B8885D /* OnTheMapHelper.swift */,
			);
			name = Helper;
			sourceTree = "<group>";
		};
		FB322E421DDD78FC00B8885D /* Extras */ = {
			isa = PBXGroup;
			children = (
				FB322E481DDD7B9600B8885D /* StudentInfo.swift */,
				FB322E4B1DDD7BA900B8885D /* UserInfo.swift */,
			);
			name = Extras;
			sourceTree = "<group>";
		};
		FB322E431DDD790600B8885D /* GUI */ = {
			isa = PBXGroup;
			children = (
				FB322E171DDD78C500B8885D /* Assets.xcassets */,
				FB322E141DDD78C500B8885D /* Main.storyboard */,
				FB322E191DDD78C500B8885D /* LaunchScreen.storyboard */,
				FB322E1C1DDD78C500B8885D /* Info.plist */,
			);
			name = GUI;
			sourceTree = "<group>";
		};
/* End PBXGroup section */

/* Begin PBXNativeTarget section */
		FB322E0C1DDD78C500B8885D /* OnTheMap */ = {
			isa = PBXNativeTarget;
			buildConfigurationList = FB322E351DDD78C500B8885D /* Build configuration list for PBXNativeTarget "OnTheMap" */;
			buildPhases = (
				FB322E091DDD78C500B8885D /* Sources */,
				FB322E0A1DDD78C500B8885D /* Frameworks */,
				FB322E0B1DDD78C500B8885D /* Resources */,
			);
			buildRules = (
			);
			dependencies = (
			);
			name = OnTheMap;
			productName = OnTheMap;
			productReference = FB322E0D1DDD78C500B8885D /* OnTheMap.app */;
			productType = "com.apple.product-type.application";
		};
		FB322E201DDD78C500B8885D /* OnTheMapTests */ = {
			isa = PBXNativeTarget;
			buildConfigurationList = FB322E381DDD78C500B8885D /* Build configuration list for PBXNativeTarget "OnTheMapTests" */;
			buildPhases = (
				FB322E1D1DDD78C500B8885D /* Sources */,
				FB322E1E1DDD78C500B8885D /* Frameworks */,
				FB322E1F1DDD78C500B8885D /* Resources */,
			);
			buildRules = (
			);
			dependencies = (
				FB322E231DDD78C500B8885D /* PBXTargetDependency */,
			);
			name = OnTheMapTests;
			productName = OnTheMapTests;
			productReference = FB322E211DDD78C500B8885D /* OnTheMapTests.xctest */;
			productType = "com.apple.product-type.bundle.unit-test";
		};
		FB322E2B1DDD78C500B8885D /* OnTheMapUITests */ = {
			isa = PBXNativeTarget;
			buildConfigurationList = FB322E3B1DDD78C500B8885D /* Build configuration list for PBXNativeTarget "OnTheMapUITests" */;
			buildPhases = (
				FB322E281DDD78C500B8885D /* Sources */,
				FB322E291DDD78C500B8885D /* Frameworks */,
				FB322E2A1DDD78C500B8885D /* Resources */,
			);
			buildRules = (
			);
			dependencies = (
				FB322E2E1DDD78C500B8885D /* PBXTargetDependency */,
			);
			name = OnTheMapUITests;
			productName = OnTheMapUITests;
			productReference = FB322E2C1DDD78C500B8885D /* OnTheMapUITests.xctest */;
			productType = "com.apple.product-type.bundle.ui-testing";
		};
/* End PBXNativeTarget section */

/* Begin PBXProject section */
		FB322E051DDD78C500B8885D /* Project object */ = {
			isa = PBXProject;
			attributes = {
				LastSwiftUpdateCheck = 0800;
				LastUpgradeCheck = 0800;
				ORGANIZATIONNAME = Sensehack;
				TargetAttributes = {
					FB322E0C1DDD78C500B8885D = {
						CreatedOnToolsVersion = 8.0;
						ProvisioningStyle = Automatic;
					};
					FB322E201DDD78C500B8885D = {
						CreatedOnToolsVersion = 8.0;
						ProvisioningStyle = Automatic;
						TestTargetID = FB322E0C1DDD78C500B8885D;
					};
					FB322E2B1DDD78C500B8885D = {
						CreatedOnToolsVersion = 8.0;
						ProvisioningStyle = Automatic;
						TestTargetID = FB322E0C1DDD78C500B8885D;
					};
				};
			};
			buildConfigurationList = FB322E081DDD78C500B8885D /* Build configuration list for PBXProject "OnTheMap" */;
			compatibilityVersion = "Xcode 3.2";
			developmentRegion = English;
			hasScannedForEncodings = 0;
			knownRegions = (
				en,
				Base,
			);
			mainGroup = FB322E041DDD78C500B8885D;
			productRefGroup = FB322E0E1DDD78C500B8885D /* Products */;
			projectDirPath = "";
			projectRoot = "";
			targets = (
				FB322E0C1DDD78C500B8885D /* OnTheMap */,
				FB322E201DDD78C500B8885D /* OnTheMapTests */,
				FB322E2B1DDD78C500B8885D /* OnTheMapUITests */,
			);
		};
/* End PBXProject section */

/* Begin PBXResourcesBuildPhase section */
		FB322E0B1DDD78C500B8885D /* Resources */ = {
			isa = PBXResourcesBuildPhase;
			buildActionMask = 2147483647;
			files = (
				FB322E1B1DDD78C500B8885D /* LaunchScreen.storyboard in Resources */,
				FB322E181DDD78C500B8885D /* Assets.xcassets in Resources */,
				FB322E161DDD78C500B8885D /* Main.storyboard in Resources */,
			);
			runOnlyForDeploymentPostprocessing = 0;
		};
		FB322E1F1DDD78C500B8885D /* Resources */ = {
			isa = PBXResourcesBuildPhase;
			buildActionMask = 2147483647;
			files = (
			);
			runOnlyForDeploymentPostprocessing = 0;
		};
		FB322E2A1DDD78C500B8885D /* Resources */ = {
			isa = PBXResourcesBuildPhase;
			buildActionMask = 2147483647;
			files = (
			);
			runOnlyForDeploymentPostprocessing = 0;
		};
/* End PBXResourcesBuildPhase section */

/* Begin PBXSourcesBuildPhase section */
		FB322E091DDD78C500B8885D /* Sources */ = {
			isa = PBXSourcesBuildPhase;
			buildActionMask = 2147483647;
			files = (
				FB322E541DDD7C3700B8885D /* UdacityClientConvenience.swift in Sources */,
				FB322E501DDD7C0100B8885D /* GCDBlackBox.swift in Sources */,
				FB322E581DDD7CFE00B8885D /* StudentStatusUpdate.swift in Sources */,
				FB322E4E1DDD7BCE00B8885D /* StudentModel.swift in Sources */,
				FB322E521DDD7C2200B8885D /* OnTheMapHelper.swift in Sources */,
				FB322E131DDD78C500B8885D /* LoginViewController.swift in Sources */,
				FB322E561DDD7C4B00B8885D /* ParsingClient.swift in Sources */,
				FB322E491DDD7B9600B8885D /* StudentInfo.swift in Sources */,
				FB322E451DDD7B6F00B8885D /* MapViewController.swift in Sources */,
				FB322E111DDD78C500B8885D /* AppDelegate.swift in Sources */,
				FB322E4C1DDD7BA900B8885D /* UserInfo.swift in Sources */,
				FB322E471DDD7B7A00B8885D /* TableViewController.swift in Sources */,
			);
			runOnlyForDeploymentPostprocessing = 0;
		};
		FB322E1D1DDD78C500B8885D /* Sources */ = {
			isa = PBXSourcesBuildPhase;
			buildActionMask = 2147483647;
			files = (
				FB322E261DDD78C500B8885D /* OnTheMapTests.swift in Sources */,
			);
			runOnlyForDeploymentPostprocessing = 0;
		};
		FB322E281DDD78C500B8885D /* Sources */ = {
			isa = PBXSourcesBuildPhase;
			buildActionMask = 2147483647;
			files = (
				FB322E311DDD78C500B8885D /* OnTheMapUITests.swift in Sources */,
			);
			runOnlyForDeploymentPostprocessing = 0;
		};
/* End PBXSourcesBuildPhase section */

/* Begin PBXTargetDependency section */
		FB322E231DDD78C500B8885D /* PBXTargetDependency */ = {
			isa = PBXTargetDependency;
			target = FB322E0C1DDD78C500B8885D /* OnTheMap */;
			targetProxy = FB322E221DDD78C500B8885D /* PBXContainerItemProxy */;
		};
		FB322E2E1DDD78C500B8885D /* PBXTargetDependency */ = {
			isa = PBXTargetDependency;
			target = FB322E0C1DDD78C500B8885D /* OnTheMap */;
			targetProxy = FB322E2D1DDD78C500B8885D /* PBXContainerItemProxy */;
		};
/* End PBXTargetDependency section */

/* Begin PBXVariantGroup section */
		FB322E141DDD78C500B8885D /* Main.storyboard */ = {
			isa = PBXVariantGroup;
			children = (
				FB322E151DDD78C500B8885D /* Base */,
			);
			name = Main.storyboard;
			sourceTree = "<group>";
		};
		FB322E191DDD78C500B8885D /* LaunchScreen.storyboard */ = {
			isa = PBXVariantGroup;
			children = (
				FB322E1A1DDD78C500B8885D /* Base */,
			);
			name = LaunchScreen.storyboard;
			sourceTree = "<group>";
		};
/* End PBXVariantGroup section */

/* Begin XCBuildConfiguration section */
		FB322E331DDD78C500B8885D /* Debug */ = {
			isa = XCBuildConfiguration;
			buildSettings = {
				ALWAYS_SEARCH_USER_PATHS = NO;
				CLANG_ANALYZER_NONNULL = YES;
				CLANG_CXX_LANGUAGE_STANDARD = "gnu++0x";
				CLANG_CXX_LIBRARY = "libc++";
				CLANG_ENABLE_MODULES = YES;
				CLANG_ENABLE_OBJC_ARC = YES;
				CLANG_WARN_BOOL_CONVERSION = YES;
				CLANG_WARN_CONSTANT_CONVERSION = YES;
				CLANG_WARN_DIRECT_OBJC_ISA_USAGE = YES_ERROR;
				CLANG_WARN_DOCUMENTATION_COMMENTS = YES;
				CLANG_WARN_EMPTY_BODY = YES;
				CLANG_WARN_ENUM_CONVERSION = YES;
				CLANG_WARN_INFINITE_RECURSION = YES;
				CLANG_WARN_INT_CONVERSION = YES;
				CLANG_WARN_OBJC_ROOT_CLASS = YES_ERROR;
				CLANG_WARN_SUSPICIOUS_MOVES = YES;
				CLANG_WARN_UNREACHABLE_CODE = YES;
				CLANG_WARN__DUPLICATE_METHOD_MATCH = YES;
				"CODE_SIGN_IDENTITY[sdk=iphoneos*]" = "iPhone Developer";
				COPY_PHASE_STRIP = NO;
				DEBUG_INFORMATION_FORMAT = dwarf;
				ENABLE_STRICT_OBJC_MSGSEND = YES;
				ENABLE_TESTABILITY = YES;
				GCC_C_LANGUAGE_STANDARD = gnu99;
				GCC_DYNAMIC_NO_PIC = NO;
				GCC_NO_COMMON_BLOCKS = YES;
				GCC_OPTIMIZATION_LEVEL = 0;
				GCC_PREPROCESSOR_DEFINITIONS = (
					"DEBUG=1",
					"$(inherited)",
				);
				GCC_WARN_64_TO_32_BIT_CONVERSION = YES;
				GCC_WARN_ABOUT_RETURN_TYPE = YES_ERROR;
				GCC_WARN_UNDECLARED_SELECTOR = YES;
				GCC_WARN_UNINITIALIZED_AUTOS = YES_AGGRESSIVE;
				GCC_WARN_UNUSED_FUNCTION = YES;
				GCC_WARN_UNUSED_VARIABLE = YES;
				IPHONEOS_DEPLOYMENT_TARGET = 10.0;
				MTL_ENABLE_DEBUG_INFO = YES;
				ONLY_ACTIVE_ARCH = YES;
				SDKROOT = iphoneos;
				SWIFT_ACTIVE_COMPILATION_CONDITIONS = DEBUG;
				SWIFT_OPTIMIZATION_LEVEL = "-Onone";
			};
			name = Debug;
		};
		FB322E341DDD78C500B8885D /* Release */ = {
			isa = XCBuildConfiguration;
			buildSettings = {
				ALWAYS_SEARCH_USER_PATHS = NO;
				CLANG_ANALYZER_NONNULL = YES;
				CLANG_CXX_LANGUAGE_STANDARD = "gnu++0x";
				CLANG_CXX_LIBRARY = "libc++";
				CLANG_ENABLE_MODULES = YES;
				CLANG_ENABLE_OBJC_ARC = YES;
				CLANG_WARN_BOOL_CONVERSION = YES;
				CLANG_WARN_CONSTANT_CONVERSION = YES;
				CLANG_WARN_DIRECT_OBJC_ISA_USAGE = YES_ERROR;
				CLANG_WARN_DOCUMENTATION_COMMENTS = YES;
				CLANG_WARN_EMPTY_BODY = YES;
				CLANG_WARN_ENUM_CONVERSION = YES;
				CLANG_WARN_INFINITE_RECURSION = YES;
				CLANG_WARN_INT_CONVERSION = YES;
				CLANG_WARN_OBJC_ROOT_CLASS = YES_ERROR;
				CLANG_WARN_SUSPICIOUS_MOVES = YES;
				CLANG_WARN_UNREACHABLE_CODE = YES;
				CLANG_WARN__DUPLICATE_METHOD_MATCH = YES;
				"CODE_SIGN_IDENTITY[sdk=iphoneos*]" = "iPhone Developer";
				COPY_PHASE_STRIP = NO;
				DEBUG_INFORMATION_FORMAT = "dwarf-with-dsym";
				ENABLE_NS_ASSERTIONS = NO;
				ENABLE_STRICT_OBJC_MSGSEND = YES;
				GCC_C_LANGUAGE_STANDARD = gnu99;
				GCC_NO_COMMON_BLOCKS = YES;
				GCC_WARN_64_TO_32_BIT_CONVERSION = YES;
				GCC_WARN_ABOUT_RETURN_TYPE = YES_ERROR;
				GCC_WARN_UNDECLARED_SELECTOR = YES;
				GCC_WARN_UNINITIALIZED_AUTOS = YES_AGGRESSIVE;
				GCC_WARN_UNUSED_FUNCTION = YES;
				GCC_WARN_UNUSED_VARIABLE = YES;
				IPHONEOS_DEPLOYMENT_TARGET = 10.0;
				MTL_ENABLE_DEBUG_INFO = NO;
				SDKROOT = iphoneos;
				SWIFT_OPTIMIZATION_LEVEL = "-Owholemodule";
				VALIDATE_PRODUCT = YES;
			};
			name = Release;
		};
		FB322E361DDD78C500B8885D /* Debug */ = {
			isa = XCBuildConfiguration;
			buildSettings = {
				ASSETCATALOG_COMPILER_APPICON_NAME = AppIcon;
				INFOPLIST_FILE = OnTheMap/Info.plist;
				LD_RUNPATH_SEARCH_PATHS = "$(inherited) @executable_path/Frameworks";
				PRODUCT_BUNDLE_IDENTIFIER = kautilyasave.OnTheMap;
				PRODUCT_NAME = "$(TARGET_NAME)";
				SWIFT_VERSION = 3.0;
			};
			name = Debug;
		};
		FB322E371DDD78C500B8885D /* Release */ = {
			isa = XCBuildConfiguration;
			buildSettings = {
				ASSETCATALOG_COMPILER_APPICON_NAME = AppIcon;
				INFOPLIST_FILE = OnTheMap/Info.plist;
				LD_RUNPATH_SEARCH_PATHS = "$(inherited) @executable_path/Frameworks";
				PRODUCT_BUNDLE_IDENTIFIER = kautilyasave.OnTheMap;
				PRODUCT_NAME = "$(TARGET_NAME)";
				SWIFT_VERSION = 3.0;
			};
			name = Release;
		};
		FB322E391DDD78C500B8885D /* Debug */ = {
			isa = XCBuildConfiguration;
			buildSettings = {
				ALWAYS_EMBED_SWIFT_STANDARD_LIBRARIES = YES;
				BUNDLE_LOADER = "$(TEST_HOST)";
				INFOPLIST_FILE = OnTheMapTests/Info.plist;
				LD_RUNPATH_SEARCH_PATHS = "$(inherited) @executable_path/Frameworks @loader_path/Frameworks";
				PRODUCT_BUNDLE_IDENTIFIER = kautilyasave.OnTheMapTests;
				PRODUCT_NAME = "$(TARGET_NAME)";
				SWIFT_VERSION = 3.0;
				TEST_HOST = "$(BUILT_PRODUCTS_DIR)/OnTheMap.app/OnTheMap";
			};
			name = Debug;
		};
		FB322E3A1DDD78C500B8885D /* Release */ = {
			isa = XCBuildConfiguration;
			buildSettings = {
				ALWAYS_EMBED_SWIFT_STANDARD_LIBRARIES = YES;
				BUNDLE_LOADER = "$(TEST_HOST)";
				INFOPLIST_FILE = OnTheMapTests/Info.plist;
				LD_RUNPATH_SEARCH_PATHS = "$(inherited) @executable_path/Frameworks @loader_path/Frameworks";
				PRODUCT_BUNDLE_IDENTIFIER = kautilyasave.OnTheMapTests;
				PRODUCT_NAME = "$(TARGET_NAME)";
				SWIFT_VERSION = 3.0;
				TEST_HOST = "$(BUILT_PRODUCTS_DIR)/OnTheMap.app/OnTheMap";
			};
			name = Release;
		};
		FB322E3C1DDD78C500B8885D /* Debug */ = {
			isa = XCBuildConfiguration;
			buildSettings = {
				ALWAYS_EMBED_SWIFT_STANDARD_LIBRARIES = YES;
				INFOPLIST_FILE = OnTheMapUITests/Info.plist;
				LD_RUNPATH_SEARCH_PATHS = "$(inherited) @executable_path/Frameworks @loader_path/Frameworks";
				PRODUCT_BUNDLE_IDENTIFIER = kautilyasave.OnTheMapUITests;
				PRODUCT_NAME = "$(TARGET_NAME)";
				SWIFT_VERSION = 3.0;
				TEST_TARGET_NAME = OnTheMap;
			};
			name = Debug;
		};
		FB322E3D1DDD78C500B8885D /* Release */ = {
			isa = XCBuildConfiguration;
			buildSettings = {
				ALWAYS_EMBED_SWIFT_STANDARD_LIBRARIES = YES;
				INFOPLIST_FILE = OnTheMapUITests/Info.plist;
				LD_RUNPATH_SEARCH_PATHS = "$(inherited) @executable_path/Frameworks @loader_path/Frameworks";
				PRODUCT_BUNDLE_IDENTIFIER = kautilyasave.OnTheMapUITests;
				PRODUCT_NAME = "$(TARGET_NAME)";
				SWIFT_VERSION = 3.0;
				TEST_TARGET_NAME = OnTheMap;
			};
			name = Release;
		};
/* End XCBuildConfiguration section */

/* Begin XCConfigurationList section */
		FB322E081DDD78C500B8885D /* Build configuration list for PBXProject "OnTheMap" */ = {
			isa = XCConfigurationList;
			buildConfigurations = (
				FB322E331DDD78C500B8885D /* Debug */,
				FB322E341DDD78C500B8885D /* Release */,
			);
			defaultConfigurationIsVisible = 0;
			defaultConfigurationName = Release;
		};
		FB322E351DDD78C500B8885D /* Build configuration list for PBXNativeTarget "OnTheMap" */ = {
			isa = XCConfigurationList;
			buildConfigurations = (
				FB322E361DDD78C500B8885D /* Debug */,
				FB322E371DDD78C500B8885D /* Release */,
			);
			defaultConfigurationIsVisible = 0;
			defaultConfigurationName = Release;
		};
		FB322E381DDD78C500B8885D /* Build configuration list for PBXNativeTarget "OnTheMapTests" */ = {
			isa = XCConfigurationList;
			buildConfigurations = (
				FB322E391DDD78C500B8885D /* Debug */,
				FB322E3A1DDD78C500B8885D /* Release */,
			);
			defaultConfigurationIsVisible = 0;
			defaultConfigurationName = Release;
		};
		FB322E3B1DDD78C500B8885D /* Build configuration list for PBXNativeTarget "OnTheMapUITests" */ = {
			isa = XCConfigurationList;
			buildConfigurations = (
				FB322E3C1DDD78C500B8885D /* Debug */,
				FB322E3D1DDD78C500B8885D /* Release */,
			);
			defaultConfigurationIsVisible = 0;
			defaultConfigurationName = Release;
		};
/* End XCConfigurationList section */
	};
	rootObject = FB322E051DDD78C500B8885D /* Project object */;
}
